
Microsoft Visual Studio Solution File, Format Version 12.00
# Visual Studio Version 17
VisualStudioVersion = 17.14.36401.2
MinimumVisualStudioVersion = 10.0.40219.1
Project("{FAE04EC0-301F-11D3-BF4B-00C04F79EFBC}") = "ShootingGameTest", "ShootingGameTest\ShootingGameTest.csproj", "{C4DB3872-75D8-433E-B691-5FA330E9837F}"
EndProject
Project("{FAE04EC0-301F-11D3-BF4B-00C04F79EFBC}") = "ShootingGameLib", "ShootingGameLib\ShootingGameLib.csproj", "{C54CDA76-7D8D-41D1-AFF5-6FA1F3F88902}"
EndProject
Project("{FAE04EC0-301F-11D3-BF4B-00C04F79EFBC}") = "LoggerLib", "LoggerLib\LoggerLib.csproj", "{BF555789-6C2A-41D2-842F-BD2BF4CCBF49}"
EndProject
Global
	GlobalSection(SolutionConfigurationPlatforms) = preSolution
		Debug|Any CPU = Debug|Any CPU
		Release|Any CPU = Release|Any CPU
	EndGlobalSection
	GlobalSection(ProjectConfigurationPlatforms) = postSolution
		{C4DB3872-75D8-433E-B691-5FA330E9837F}.Debug|Any CPU.ActiveCfg = Debug|Any CPU
		{C4DB3872-75D8-433E-B691-5FA330E9837F}.Debug|Any CPU.Build.0 = Debug|Any CPU
		{C4DB3872-75D8-433E-B691-5FA330E9837F}.Release|Any CPU.ActiveCfg = Release|Any CPU
		{C4DB3872-75D8-433E-B691-5FA330E9837F}.Release|Any CPU.Build.0 = Release|Any CPU
		{C54CDA76-7D8D-41D1-AFF5-6FA1F3F88902}.Debug|Any CPU.ActiveCfg = Debug|Any CPU
		{C54CDA76-7D8D-41D1-AFF5-6FA1F3F88902}.Debug|Any CPU.Build.0 = Debug|Any CPU
		{C54CDA76-7D8D-41D1-AFF5-6FA1F3F88902}.Release|Any CPU.ActiveCfg = Release|Any CPU
		{C54CDA76-7D8D-41D1-AFF5-6FA1F3F88902}.Release|Any CPU.Build.0 = Release|Any CPU
		{BF555789-6C2A-41D2-842F-BD2BF4CCBF49}.Debug|Any CPU.ActiveCfg = Debug|Any CPU
		{BF555789-6C2A-41D2-842F-BD2BF4CCBF49}.Debug|Any CPU.Build.0 = Debug|Any CPU
		{BF555789-6C2A-41D2-842F-BD2BF4CCBF49}.Release|Any CPU.ActiveCfg = Release|Any CPU
		{BF555789-6C2A-41D2-842F-BD2BF4CCBF49}.Release|Any CPU.Build.0 = Release|Any CPU
	EndGlobalSection
	GlobalSection(SolutionProperties) = preSolution
		HideSolutionNode = FALSE
	EndGlobalSection
	GlobalSection(ExtensibilityGlobals) = postSolution
		SolutionGuid = {1EDEF3CD-182C-45B5-AC63-1953EE0FE592}
	EndGlobalSection
EndGlobal
