
Microsoft Visual Studio Solution File, Format Version 12.00
# Visual Studio Version 17
VisualStudioVersion = 17.13.35919.96
MinimumVisualStudioVersion = 10.0.40219.1
Project("{FAE04EC0-301F-11D3-BF4B-00C04F79EFBC}") = "reviewMain", "ReviewWeeks2A3\reviewMain.csproj", "{F5340F0E-409D-4FCD-85D9-A7F4219C8CF4}"
EndProject
Project("{FAE04EC0-301F-11D3-BF4B-00C04F79EFBC}") = "reviewLib", "csharp_review\reviewLib.csproj", "{FC2EA4EB-C050-8D49-0EC4-6372A5A3E07C}"
EndProject
Project("{FAE04EC0-301F-11D3-BF4B-00C04F79EFBC}") = "csharp_003-1_Fan", "csharp_003-1_Fan\csharp_003-1_Fan.csproj", "{D76BB419-B9D7-1F39-39E2-24862A3D3A50}"
EndProject
Project("{FAE04EC0-301F-11D3-BF4B-00C04F79EFBC}") = "csharp_004_ex", "csharp_004_ex\csharp_004_ex.csproj", "{DC40BD0F-FD85-4476-BFEB-1EE2A2F5964B}"
EndProject
Project("{FAE04EC0-301F-11D3-BF4B-00C04F79EFBC}") = "csharp_004-1_Fan", "csharp_004-1_Fan\csharp_004-1_Fan.csproj", "{B24E7673-5417-4394-A06E-FC7951B1070F}"
EndProject
Project("{FAE04EC0-301F-11D3-BF4B-00C04F79EFBC}") = "csharp_005_ArrayList", "csharp_005_ArrayList\csharp_005_ArrayList.csproj", "{4C1179AF-5B65-4FAE-A47F-FBEDF35556EA}"
EndProject
Project("{FAE04EC0-301F-11D3-BF4B-00C04F79EFBC}") = "csharp_005_task", "csharp_005_task\csharp_005_task.csproj", "{BC5FD644-6954-4BA4-BDD5-FDC07A45F618}"
EndProject
Project("{FAE04EC0-301F-11D3-BF4B-00C04F79EFBC}") = "csharp_006_inheritance", "csharp_006_inheritance\csharp_006_inheritance.csproj", "{B6721EE6-12A6-491C-B488-815C700EEF7A}"
EndProject
Project("{FAE04EC0-301F-11D3-BF4B-00C04F79EFBC}") = "charp_008_Thread", "CHarp_008_Thread\charp_008_Thread.csproj", "{573D81D3-9ED6-4A2B-A60E-237034B82A94}"
EndProject
Project("{FAE04EC0-301F-11D3-BF4B-00C04F79EFBC}") = "csharp_009_Thread2", "csharp009_Thread2\csharp_009_Thread2.csproj", "{8EAC1209-6D7C-4A4C-BF1B-4B9639E930A2}"
EndProject
Project("{FAE04EC0-301F-11D3-BF4B-00C04F79EFBC}") = "chsarp_009_Thread3", "chsarp_009_Thread3\chsarp_009_Thread3.csproj", "{36DC4AFF-6062-43D1-A072-24D2CBAA4DCB}"
EndProject
Project("{FAE04EC0-301F-11D3-BF4B-00C04F79EFBC}") = "csharp_009_task", "csharp_009_task\csharp_009_task.csproj", "{5985A4BA-0E32-4764-A7B2-BD52F2016B7C}"
EndProject
Global
	GlobalSection(SolutionConfigurationPlatforms) = preSolution
		Debug|Any CPU = Debug|Any CPU
		Release|Any CPU = Release|Any CPU
	EndGlobalSection
	GlobalSection(ProjectConfigurationPlatforms) = postSolution
		{F5340F0E-409D-4FCD-85D9-A7F4219C8CF4}.Debug|Any CPU.ActiveCfg = Debug|Any CPU
		{F5340F0E-409D-4FCD-85D9-A7F4219C8CF4}.Debug|Any CPU.Build.0 = Debug|Any CPU
		{F5340F0E-409D-4FCD-85D9-A7F4219C8CF4}.Release|Any CPU.ActiveCfg = Release|Any CPU
		{F5340F0E-409D-4FCD-85D9-A7F4219C8CF4}.Release|Any CPU.Build.0 = Release|Any CPU
		{FC2EA4EB-C050-8D49-0EC4-6372A5A3E07C}.Debug|Any CPU.ActiveCfg = Debug|Any CPU
		{FC2EA4EB-C050-8D49-0EC4-6372A5A3E07C}.Debug|Any CPU.Build.0 = Debug|Any CPU
		{FC2EA4EB-C050-8D49-0EC4-6372A5A3E07C}.Release|Any CPU.ActiveCfg = Release|Any CPU
		{FC2EA4EB-C050-8D49-0EC4-6372A5A3E07C}.Release|Any CPU.Build.0 = Release|Any CPU
		{D76BB419-B9D7-1F39-39E2-24862A3D3A50}.Debug|Any CPU.ActiveCfg = Debug|Any CPU
		{D76BB419-B9D7-1F39-39E2-24862A3D3A50}.Debug|Any CPU.Build.0 = Debug|Any CPU
		{D76BB419-B9D7-1F39-39E2-24862A3D3A50}.Release|Any CPU.ActiveCfg = Release|Any CPU
		{D76BB419-B9D7-1F39-39E2-24862A3D3A50}.Release|Any CPU.Build.0 = Release|Any CPU
		{DC40BD0F-FD85-4476-BFEB-1EE2A2F5964B}.Debug|Any CPU.ActiveCfg = Debug|Any CPU
		{DC40BD0F-FD85-4476-BFEB-1EE2A2F5964B}.Debug|Any CPU.Build.0 = Debug|Any CPU
		{DC40BD0F-FD85-4476-BFEB-1EE2A2F5964B}.Release|Any CPU.ActiveCfg = Release|Any CPU
		{DC40BD0F-FD85-4476-BFEB-1EE2A2F5964B}.Release|Any CPU.Build.0 = Release|Any CPU
		{B24E7673-5417-4394-A06E-FC7951B1070F}.Debug|Any CPU.ActiveCfg = Debug|Any CPU
		{B24E7673-5417-4394-A06E-FC7951B1070F}.Debug|Any CPU.Build.0 = Debug|Any CPU
		{B24E7673-5417-4394-A06E-FC7951B1070F}.Release|Any CPU.ActiveCfg = Release|Any CPU
		{B24E7673-5417-4394-A06E-FC7951B1070F}.Release|Any CPU.Build.0 = Release|Any CPU
		{4C1179AF-5B65-4FAE-A47F-FBEDF35556EA}.Debug|Any CPU.ActiveCfg = Debug|Any CPU
		{4C1179AF-5B65-4FAE-A47F-FBEDF35556EA}.Debug|Any CPU.Build.0 = Debug|Any CPU
		{4C1179AF-5B65-4FAE-A47F-FBEDF35556EA}.Release|Any CPU.ActiveCfg = Release|Any CPU
		{4C1179AF-5B65-4FAE-A47F-FBEDF35556EA}.Release|Any CPU.Build.0 = Release|Any CPU
		{BC5FD644-6954-4BA4-BDD5-FDC07A45F618}.Debug|Any CPU.ActiveCfg = Debug|Any CPU
		{BC5FD644-6954-4BA4-BDD5-FDC07A45F618}.Debug|Any CPU.Build.0 = Debug|Any CPU
		{BC5FD644-6954-4BA4-BDD5-FDC07A45F618}.Release|Any CPU.ActiveCfg = Release|Any CPU
		{BC5FD644-6954-4BA4-BDD5-FDC07A45F618}.Release|Any CPU.Build.0 = Release|Any CPU
		{B6721EE6-12A6-491C-B488-815C700EEF7A}.Debug|Any CPU.ActiveCfg = Debug|Any CPU
		{B6721EE6-12A6-491C-B488-815C700EEF7A}.Debug|Any CPU.Build.0 = Debug|Any CPU
		{B6721EE6-12A6-491C-B488-815C700EEF7A}.Release|Any CPU.ActiveCfg = Release|Any CPU
		{B6721EE6-12A6-491C-B488-815C700EEF7A}.Release|Any CPU.Build.0 = Release|Any CPU
		{573D81D3-9ED6-4A2B-A60E-237034B82A94}.Debug|Any CPU.ActiveCfg = Debug|Any CPU
		{573D81D3-9ED6-4A2B-A60E-237034B82A94}.Debug|Any CPU.Build.0 = Debug|Any CPU
		{573D81D3-9ED6-4A2B-A60E-237034B82A94}.Release|Any CPU.ActiveCfg = Release|Any CPU
		{573D81D3-9ED6-4A2B-A60E-237034B82A94}.Release|Any CPU.Build.0 = Release|Any CPU
		{8EAC1209-6D7C-4A4C-BF1B-4B9639E930A2}.Debug|Any CPU.ActiveCfg = Debug|Any CPU
		{8EAC1209-6D7C-4A4C-BF1B-4B9639E930A2}.Debug|Any CPU.Build.0 = Debug|Any CPU
		{8EAC1209-6D7C-4A4C-BF1B-4B9639E930A2}.Release|Any CPU.ActiveCfg = Release|Any CPU
		{8EAC1209-6D7C-4A4C-BF1B-4B9639E930A2}.Release|Any CPU.Build.0 = Release|Any CPU
		{36DC4AFF-6062-43D1-A072-24D2CBAA4DCB}.Debug|Any CPU.ActiveCfg = Debug|Any CPU
		{36DC4AFF-6062-43D1-A072-24D2CBAA4DCB}.Debug|Any CPU.Build.0 = Debug|Any CPU
		{36DC4AFF-6062-43D1-A072-24D2CBAA4DCB}.Release|Any CPU.ActiveCfg = Release|Any CPU
		{36DC4AFF-6062-43D1-A072-24D2CBAA4DCB}.Release|Any CPU.Build.0 = Release|Any CPU
		{5985A4BA-0E32-4764-A7B2-BD52F2016B7C}.Debug|Any CPU.ActiveCfg = Debug|Any CPU
		{5985A4BA-0E32-4764-A7B2-BD52F2016B7C}.Debug|Any CPU.Build.0 = Debug|Any CPU
		{5985A4BA-0E32-4764-A7B2-BD52F2016B7C}.Release|Any CPU.ActiveCfg = Release|Any CPU
		{5985A4BA-0E32-4764-A7B2-BD52F2016B7C}.Release|Any CPU.Build.0 = Release|Any CPU
	EndGlobalSection
	GlobalSection(SolutionProperties) = preSolution
		HideSolutionNode = FALSE
	EndGlobalSection
	GlobalSection(ExtensibilityGlobals) = postSolution
		SolutionGuid = {54537893-C8A7-407B-8341-E0D139671806}
	EndGlobalSection
EndGlobal
